
Microsoft Visual Studio Solution File, Format Version 12.00
Project("{FAE04EC0-301F-11D3-BF4B-00C04F79EFBC}") = "Prueba", "Prueba\Prueba.csproj", "{0D97D48E-4806-4085-81A6-32B1577D0014}"
EndProject
Project("{FAE04EC0-301F-11D3-BF4B-00C04F79EFBC}") = "Prueba.Tests", "Prueba.Tests\Prueba.Tests.csproj", "{8B488A93-7BEC-4EC7-A6B5-58375405E5F6}"
EndProject
Global
	GlobalSection(SolutionConfigurationPlatforms) = preSolution
		Debug|Any CPU = Debug|Any CPU
		Release|Any CPU = Release|Any CPU
	EndGlobalSection
	GlobalSection(ProjectConfigurationPlatforms) = postSolution
		{0D97D48E-4806-4085-81A6-32B1577D0014}.Debug|Any CPU.ActiveCfg = Debug|Any CPU
		{0D97D48E-4806-4085-81A6-32B1577D0014}.Debug|Any CPU.Build.0 = Debug|Any CPU
		{0D97D48E-4806-4085-81A6-32B1577D0014}.Release|Any CPU.ActiveCfg = Release|Any CPU
		{0D97D48E-4806-4085-81A6-32B1577D0014}.Release|Any CPU.Build.0 = Release|Any CPU
		{8B488A93-7BEC-4EC7-A6B5-58375405E5F6}.Debug|Any CPU.ActiveCfg = Debug|Any CPU
		{8B488A93-7BEC-4EC7-A6B5-58375405E5F6}.Debug|Any CPU.Build.0 = Debug|Any CPU
		{8B488A93-7BEC-4EC7-A6B5-58375405E5F6}.Release|Any CPU.ActiveCfg = Release|Any CPU
		{8B488A93-7BEC-4EC7-A6B5-58375405E5F6}.Release|Any CPU.Build.0 = Release|Any CPU
	EndGlobalSection
EndGlobal
